// !$*UTF8*$!
{
	archiveVersion = 1;
	classes = {
	};
	objectVersion = 46;
	objects = {

/* Begin PBXBuildFile section */
		1E604E081F789B3B0015042B /* main.m in Sources */ = {isa = PBXBuildFile; fileRef = 1E604E071F789B3B0015042B /* main.m */; };
		1E604E0B1F789B3B0015042B /* AppDelegate.m in Sources */ = {isa = PBXBuildFile; fileRef = 1E604E0A1F789B3B0015042B /* AppDelegate.m */; };
		1E604E0E1F789B3B0015042B /* ViewController.m in Sources */ = {isa = PBXBuildFile; fileRef = 1E604E0D1F789B3B0015042B /* ViewController.m */; };
		1E604E111F789B3B0015042B /* Main.storyboard in Resources */ = {isa = PBXBuildFile; fileRef = 1E604E0F1F789B3B0015042B /* Main.storyboard */; };
		1E604E131F789B3B0015042B /* Assets.xcassets in Resources */ = {isa = PBXBuildFile; fileRef = 1E604E121F789B3B0015042B /* Assets.xcassets */; };
		1E604E161F789B3B0015042B /* LaunchScreen.storyboard in Resources */ = {isa = PBXBuildFile; fileRef = 1E604E141F789B3B0015042B /* LaunchScreen.storyboard */; };
		1E604E211F789B3B0015042B /* XCPayExampleTests.m in Sources */ = {isa = PBXBuildFile; fileRef = 1E604E201F789B3B0015042B /* XCPayExampleTests.m */; };
		1E604E2C1F789B3B0015042B /* XCPayExampleUITests.m in Sources */ = {isa = PBXBuildFile; fileRef = 1E604E2B1F789B3B0015042B /* XCPayExampleUITests.m */; };
		1E604E4A1F789BC10015042B /* XCPayManager.m in Sources */ = {isa = PBXBuildFile; fileRef = 1E604E3E1F789BC10015042B /* XCPayManager.m */; };
		1E604E4B1F789BC10015042B /* XCPayConfigure.xml in Resources */ = {isa = PBXBuildFile; fileRef = 1E604E401F789BC10015042B /* XCPayConfigure.xml */; };
		1E604E4C1F789BC10015042B /* XCPayPlatform.m in Sources */ = {isa = PBXBuildFile; fileRef = 1E604E421F789BC10015042B /* XCPayPlatform.m */; };
		1E604E4D1F789BC10015042B /* XCPayPlatformXMLParser.m in Sources */ = {isa = PBXBuildFile; fileRef = 1E604E441F789BC10015042B /* XCPayPlatformXMLParser.m */; };
		1E604E501F789D790015042B /* XCPayApplication.m in Sources */ = {isa = PBXBuildFile; fileRef = 1E604E4F1F789D790015042B /* XCPayApplication.m */; };
/* End PBXBuildFile section */

/* Begin PBXContainerItemProxy section */
		1E604E1D1F789B3B0015042B /* PBXContainerItemProxy */ = {
			isa = PBXContainerItemProxy;
			containerPortal = 1E604DFB1F789B3A0015042B /* Project object */;
			proxyType = 1;
			remoteGlobalIDString = 1E604E021F789B3B0015042B;
			remoteInfo = XCPayExample;
		};
		1E604E281F789B3B0015042B /* PBXContainerItemProxy */ = {
			isa = PBXContainerItemProxy;
			containerPortal = 1E604DFB1F789B3A0015042B /* Project object */;
			proxyType = 1;
			remoteGlobalIDString = 1E604E021F789B3B0015042B;
			remoteInfo = XCPayExample;
		};
/* End PBXContainerItemProxy section */

/* Begin PBXFileReference section */
		1E604E031F789B3B0015042B /* XCPayExample.app */ = {isa = PBXFileReference; explicitFileType = wrapper.application; includeInIndex = 0; path = XCPayExample.app; sourceTree = BUILT_PRODUCTS_DIR; };
		1E604E071F789B3B0015042B /* main.m */ = {isa = PBXFileReference; lastKnownFileType = sourcecode.c.objc; path = main.m; sourceTree = "<group>"; };
		1E604E091F789B3B0015042B /* AppDelegate.h */ = {isa = PBXFileReference; lastKnownFileType = sourcecode.c.h; path = AppDelegate.h; sourceTree = "<group>"; };
		1E604E0A1F789B3B0015042B /* AppDelegate.m */ = {isa = PBXFileReference; lastKnownFileType = sourcecode.c.objc; path = AppDelegate.m; sourceTree = "<group>"; };
		1E604E0C1F789B3B0015042B /* ViewController.h */ = {isa = PBXFileReference; lastKnownFileType = sourcecode.c.h; path = ViewController.h; sourceTree = "<group>"; };
		1E604E0D1F789B3B0015042B /* ViewController.m */ = {isa = PBXFileReference; lastKnownFileType = sourcecode.c.objc; path = ViewController.m; sourceTree = "<group>"; };
		1E604E101F789B3B0015042B /* Base */ = {isa = PBXFileReference; lastKnownFileType = file.storyboard; name = Base; path = Base.lproj/Main.storyboard; sourceTree = "<group>"; };
		1E604E121F789B3B0015042B /* Assets.xcassets */ = {isa = PBXFileReference; lastKnownFileType = folder.assetcatalog; path = Assets.xcassets; sourceTree = "<group>"; };
		1E604E151F789B3B0015042B /* Base */ = {isa = PBXFileReference; lastKnownFileType = file.storyboard; name = Base; path = Base.lproj/LaunchScreen.storyboard; sourceTree = "<group>"; };
		1E604E171F789B3B0015042B /* Info.plist */ = {isa = PBXFileReference; lastKnownFileType = text.plist.xml; path = Info.plist; sourceTree = "<group>"; };
		1E604E1C1F789B3B0015042B /* XCPayExampleTests.xctest */ = {isa = PBXFileReference; explicitFileType = wrapper.cfbundle; includeInIndex = 0; path = XCPayExampleTests.xctest; sourceTree = BUILT_PRODUCTS_DIR; };
		1E604E201F789B3B0015042B /* XCPayExampleTests.m */ = {isa = PBXFileReference; lastKnownFileType = sourcecode.c.objc; path = XCPayExampleTests.m; sourceTree = "<group>"; };
		1E604E221F789B3B0015042B /* Info.plist */ = {isa = PBXFileReference; lastKnownFileType = text.plist.xml; path = Info.plist; sourceTree = "<group>"; };
		1E604E271F789B3B0015042B /* XCPayExampleUITests.xctest */ = {isa = PBXFileReference; explicitFileType = wrapper.cfbundle; includeInIndex = 0; path = XCPayExampleUITests.xctest; sourceTree = BUILT_PRODUCTS_DIR; };
		1E604E2B1F789B3B0015042B /* XCPayExampleUITests.m */ = {isa = PBXFileReference; lastKnownFileType = sourcecode.c.objc; path = XCPayExampleUITests.m; sourceTree = "<group>"; };
		1E604E2D1F789B3B0015042B /* Info.plist */ = {isa = PBXFileReference; lastKnownFileType = text.plist.xml; path = Info.plist; sourceTree = "<group>"; };
		1E604E3D1F789BC10015042B /* XCPayManager.h */ = {isa = PBXFileReference; fileEncoding = 4; lastKnownFileType = sourcecode.c.h; path = XCPayManager.h; sourceTree = "<group>"; };
		1E604E3E1F789BC10015042B /* XCPayManager.m */ = {isa = PBXFileReference; fileEncoding = 4; lastKnownFileType = sourcecode.c.objc; path = XCPayManager.m; sourceTree = "<group>"; };
		1E604E401F789BC10015042B /* XCPayConfigure.xml */ = {isa = PBXFileReference; fileEncoding = 4; lastKnownFileType = text.xml; path = XCPayConfigure.xml; sourceTree = "<group>"; };
		1E604E411F789BC10015042B /* XCPayPlatform.h */ = {isa = PBXFileReference; fileEncoding = 4; lastKnownFileType = sourcecode.c.h; path = XCPayPlatform.h; sourceTree = "<group>"; };
		1E604E421F789BC10015042B /* XCPayPlatform.m */ = {isa = PBXFileReference; fileEncoding = 4; lastKnownFileType = sourcecode.c.objc; path = XCPayPlatform.m; sourceTree = "<group>"; };
		1E604E431F789BC10015042B /* XCPayPlatformXMLParser.h */ = {isa = PBXFileReference; fileEncoding = 4; lastKnownFileType = sourcecode.c.h; path = XCPayPlatformXMLParser.h; sourceTree = "<group>"; };
		1E604E441F789BC10015042B /* XCPayPlatformXMLParser.m */ = {isa = PBXFileReference; fileEncoding = 4; lastKnownFileType = sourcecode.c.objc; path = XCPayPlatformXMLParser.m; sourceTree = "<group>"; };
		1E604E461F789BC10015042B /* XCPayAppDelegateProtocol.h */ = {isa = PBXFileReference; fileEncoding = 4; lastKnownFileType = sourcecode.c.h; path = XCPayAppDelegateProtocol.h; sourceTree = "<group>"; };
		1E604E471F789BC10015042B /* XCPayFactoryProtocol.h */ = {isa = PBXFileReference; fileEncoding = 4; lastKnownFileType = sourcecode.c.h; path = XCPayFactoryProtocol.h; sourceTree = "<group>"; };
		1E604E481F789BC10015042B /* XCPayProtocol.h */ = {isa = PBXFileReference; fileEncoding = 4; lastKnownFileType = sourcecode.c.h; path = XCPayProtocol.h; sourceTree = "<group>"; };
		1E604E4E1F789D790015042B /* XCPayApplication.h */ = {isa = PBXFileReference; fileEncoding = 4; lastKnownFileType = sourcecode.c.h; path = XCPayApplication.h; sourceTree = "<group>"; };
		1E604E4F1F789D790015042B /* XCPayApplication.m */ = {isa = PBXFileReference; fileEncoding = 4; lastKnownFileType = sourcecode.c.objc; path = XCPayApplication.m; sourceTree = "<group>"; };
/* End PBXFileReference section */

/* Begin PBXFrameworksBuildPhase section */
		1E604E001F789B3B0015042B /* Frameworks */ = {
			isa = PBXFrameworksBuildPhase;
			buildActionMask = 2147483647;
			files = (
			);
			runOnlyForDeploymentPostprocessing = 0;
		};
		1E604E191F789B3B0015042B /* Frameworks */ = {
			isa = PBXFrameworksBuildPhase;
			buildActionMask = 2147483647;
			files = (
			);
			runOnlyForDeploymentPostprocessing = 0;
		};
		1E604E241F789B3B0015042B /* Frameworks */ = {
			isa = PBXFrameworksBuildPhase;
			buildActionMask = 2147483647;
			files = (
			);
			runOnlyForDeploymentPostprocessing = 0;
		};
/* End PBXFrameworksBuildPhase section */

/* Begin PBXGroup section */
		1E604DFA1F789B3A0015042B = {
			isa = PBXGroup;
			children = (
				1E604E391F789BC10015042B /* XCPay */,
				1E604E051F789B3B0015042B /* XCPayExample */,
				1E604E1F1F789B3B0015042B /* XCPayExampleTests */,
				1E604E2A1F789B3B0015042B /* XCPayExampleUITests */,
				1E604E041F789B3B0015042B /* Products */,
			);
			sourceTree = "<group>";
		};
		1E604E041F789B3B0015042B /* Products */ = {
			isa = PBXGroup;
			children = (
				1E604E031F789B3B0015042B /* XCPayExample.app */,
				1E604E1C1F789B3B0015042B /* XCPayExampleTests.xctest */,
				1E604E271F789B3B0015042B /* XCPayExampleUITests.xctest */,
			);
			name = Products;
			sourceTree = "<group>";
		};
		1E604E051F789B3B0015042B /* XCPayExample */ = {
			isa = PBXGroup;
			children = (
				1E604E091F789B3B0015042B /* AppDelegate.h */,
				1E604E0A1F789B3B0015042B /* AppDelegate.m */,
				1E604E0C1F789B3B0015042B /* ViewController.h */,
				1E604E0D1F789B3B0015042B /* ViewController.m */,
				1E604E0F1F789B3B0015042B /* Main.storyboard */,
				1E604E121F789B3B0015042B /* Assets.xcassets */,
				1E604E141F789B3B0015042B /* LaunchScreen.storyboard */,
				1E604E171F789B3B0015042B /* Info.plist */,
				1E604E061F789B3B0015042B /* Supporting Files */,
			);
			path = XCPayExample;
			sourceTree = "<group>";
		};
		1E604E061F789B3B0015042B /* Supporting Files */ = {
			isa = PBXGroup;
			children = (
				1E604E071F789B3B0015042B /* main.m */,
			);
			name = "Supporting Files";
			sourceTree = "<group>";
		};
		1E604E1F1F789B3B0015042B /* XCPayExampleTests */ = {
			isa = PBXGroup;
			children = (
				1E604E201F789B3B0015042B /* XCPayExampleTests.m */,
				1E604E221F789B3B0015042B /* Info.plist */,
			);
			path = XCPayExampleTests;
			sourceTree = "<group>";
		};
		1E604E2A1F789B3B0015042B /* XCPayExampleUITests */ = {
			isa = PBXGroup;
			children = (
				1E604E2B1F789B3B0015042B /* XCPayExampleUITests.m */,
				1E604E2D1F789B3B0015042B /* Info.plist */,
			);
			path = XCPayExampleUITests;
			sourceTree = "<group>";
		};
		1E604E391F789BC10015042B /* XCPay */ = {
			isa = PBXGroup;
			children = (
				1E604E3A1F789BC10015042B /* Classes */,
			);
			path = XCPay;
			sourceTree = "<group>";
		};
		1E604E3A1F789BC10015042B /* Classes */ = {
			isa = PBXGroup;
			children = (
				1E604E4E1F789D790015042B /* XCPayApplication.h */,
				1E604E4F1F789D790015042B /* XCPayApplication.m */,
				1E604E3D1F789BC10015042B /* XCPayManager.h */,
				1E604E3E1F789BC10015042B /* XCPayManager.m */,
				1E604E3F1F789BC10015042B /* XCPayPlatformConfigure */,
				1E604E451F789BC10015042B /* XCPayProtocol */,
			);
			path = Classes;
			sourceTree = "<group>";
		};
		1E604E3F1F789BC10015042B /* XCPayPlatformConfigure */ = {
			isa = PBXGroup;
			children = (
				1E604E401F789BC10015042B /* XCPayConfigure.xml */,
				1E604E411F789BC10015042B /* XCPayPlatform.h */,
				1E604E421F789BC10015042B /* XCPayPlatform.m */,
				1E604E431F789BC10015042B /* XCPayPlatformXMLParser.h */,
				1E604E441F789BC10015042B /* XCPayPlatformXMLParser.m */,
			);
			path = XCPayPlatformConfigure;
			sourceTree = "<group>";
		};
		1E604E451F789BC10015042B /* XCPayProtocol */ = {
			isa = PBXGroup;
			children = (
				1E604E461F789BC10015042B /* XCPayAppDelegateProtocol.h */,
				1E604E471F789BC10015042B /* XCPayFactoryProtocol.h */,
				1E604E481F789BC10015042B /* XCPayProtocol.h */,
			);
			path = XCPayProtocol;
			sourceTree = "<group>";
		};
/* End PBXGroup section */

/* Begin PBXNativeTarget section */
		1E604E021F789B3B0015042B /* XCPayExample */ = {
			isa = PBXNativeTarget;
			buildConfigurationList = 1E604E301F789B3B0015042B /* Build configuration list for PBXNativeTarget "XCPayExample" */;
			buildPhases = (
				1E604DFF1F789B3B0015042B /* Sources */,
				1E604E001F789B3B0015042B /* Frameworks */,
				1E604E011F789B3B0015042B /* Resources */,
			);
			buildRules = (
			);
			dependencies = (
			);
			name = XCPayExample;
			productName = XCPayExample;
			productReference = 1E604E031F789B3B0015042B /* XCPayExample.app */;
			productType = "com.apple.product-type.application";
		};
		1E604E1B1F789B3B0015042B /* XCPayExampleTests */ = {
			isa = PBXNativeTarget;
			buildConfigurationList = 1E604E331F789B3B0015042B /* Build configuration list for PBXNativeTarget "XCPayExampleTests" */;
			buildPhases = (
				1E604E181F789B3B0015042B /* Sources */,
				1E604E191F789B3B0015042B /* Frameworks */,
				1E604E1A1F789B3B0015042B /* Resources */,
			);
			buildRules = (
			);
			dependencies = (
				1E604E1E1F789B3B0015042B /* PBXTargetDependency */,
			);
			name = XCPayExampleTests;
			productName = XCPayExampleTests;
			productReference = 1E604E1C1F789B3B0015042B /* XCPayExampleTests.xctest */;
			productType = "com.apple.product-type.bundle.unit-test";
		};
		1E604E261F789B3B0015042B /* XCPayExampleUITests */ = {
			isa = PBXNativeTarget;
			buildConfigurationList = 1E604E361F789B3B0015042B /* Build configuration list for PBXNativeTarget "XCPayExampleUITests" */;
			buildPhases = (
				1E604E231F789B3B0015042B /* Sources */,
				1E604E241F789B3B0015042B /* Frameworks */,
				1E604E251F789B3B0015042B /* Resources */,
			);
			buildRules = (
			);
			dependencies = (
				1E604E291F789B3B0015042B /* PBXTargetDependency */,
			);
			name = XCPayExampleUITests;
			productName = XCPayExampleUITests;
			productReference = 1E604E271F789B3B0015042B /* XCPayExampleUITests.xctest */;
			productType = "com.apple.product-type.bundle.ui-testing";
		};
/* End PBXNativeTarget section */

/* Begin PBXProject section */
		1E604DFB1F789B3A0015042B /* Project object */ = {
			isa = PBXProject;
			attributes = {
				LastUpgradeCheck = 0810;
				ORGANIZATIONNAME = "樊小聪";
				TargetAttributes = {
					1E604E021F789B3B0015042B = {
						CreatedOnToolsVersion = 8.1;
						ProvisioningStyle = Automatic;
					};
					1E604E1B1F789B3B0015042B = {
						CreatedOnToolsVersion = 8.1;
						ProvisioningStyle = Automatic;
						TestTargetID = 1E604E021F789B3B0015042B;
					};
					1E604E261F789B3B0015042B = {
						CreatedOnToolsVersion = 8.1;
						ProvisioningStyle = Automatic;
						TestTargetID = 1E604E021F789B3B0015042B;
					};
				};
			};
			buildConfigurationList = 1E604DFE1F789B3A0015042B /* Build configuration list for PBXProject "XCPayExample" */;
			compatibilityVersion = "Xcode 3.2";
			developmentRegion = English;
			hasScannedForEncodings = 0;
			knownRegions = (
				en,
				Base,
			);
			mainGroup = 1E604DFA1F789B3A0015042B;
			productRefGroup = 1E604E041F789B3B0015042B /* Products */;
			projectDirPath = "";
			projectRoot = "";
			targets = (
				1E604E021F789B3B0015042B /* XCPayExample */,
				1E604E1B1F789B3B0015042B /* XCPayExampleTests */,
				1E604E261F789B3B0015042B /* XCPayExampleUITests */,
			);
		};
/* End PBXProject section */

/* Begin PBXResourcesBuildPhase section */
		1E604E011F789B3B0015042B /* Resources */ = {
			isa = PBXResourcesBuildPhase;
			buildActionMask = 2147483647;
			files = (
				1E604E161F789B3B0015042B /* LaunchScreen.storyboard in Resources */,
				1E604E131F789B3B0015042B /* Assets.xcassets in Resources */,
				1E604E111F789B3B0015042B /* Main.storyboard in Resources */,
				1E604E4B1F789BC10015042B /* XCPayConfigure.xml in Resources */,
			);
			runOnlyForDeploymentPostprocessing = 0;
		};
		1E604E1A1F789B3B0015042B /* Resources */ = {
			isa = PBXResourcesBuildPhase;
			buildActionMask = 2147483647;
			files = (
			);
			runOnlyForDeploymentPostprocessing = 0;
		};
		1E604E251F789B3B0015042B /* Resources */ = {
			isa = PBXResourcesBuildPhase;
			buildActionMask = 2147483647;
			files = (
			);
			runOnlyForDeploymentPostprocessing = 0;
		};
/* End PBXResourcesBuildPhase section */

/* Begin PBXSourcesBuildPhase section */
		1E604DFF1F789B3B0015042B /* Sources */ = {
			isa = PBXSourcesBuildPhase;
			buildActionMask = 2147483647;
			files = (
				1E604E0E1F789B3B0015042B /* ViewController.m in Sources */,
				1E604E4A1F789BC10015042B /* XCPayManager.m in Sources */,
				1E604E4C1F789BC10015042B /* XCPayPlatform.m in Sources */,
				1E604E4D1F789BC10015042B /* XCPayPlatformXMLParser.m in Sources */,
				1E604E0B1F789B3B0015042B /* AppDelegate.m in Sources */,
				1E604E501F789D790015042B /* XCPayApplication.m in Sources */,
				1E604E081F789B3B0015042B /* main.m in Sources */,
			);
			runOnlyForDeploymentPostprocessing = 0;
		};
		1E604E181F789B3B0015042B /* Sources */ = {
			isa = PBXSourcesBuildPhase;
			buildActionMask = 2147483647;
			files = (
				1E604E211F789B3B0015042B /* XCPayExampleTests.m in Sources */,
			);
			runOnlyForDeploymentPostprocessing = 0;
		};
		1E604E231F789B3B0015042B /* Sources */ = {
			isa = PBXSourcesBuildPhase;
			buildActionMask = 2147483647;
			files = (
				1E604E2C1F789B3B0015042B /* XCPayExampleUITests.m in Sources */,
			);
			runOnlyForDeploymentPostprocessing = 0;
		};
/* End PBXSourcesBuildPhase section */

/* Begin PBXTargetDependency section */
		1E604E1E1F789B3B0015042B /* PBXTargetDependency */ = {
			isa = PBXTargetDependency;
			target = 1E604E021F789B3B0015042B /* XCPayExample */;
			targetProxy = 1E604E1D1F789B3B0015042B /* PBXContainerItemProxy */;
		};
		1E604E291F789B3B0015042B /* PBXTargetDependency */ = {
			isa = PBXTargetDependency;
			target = 1E604E021F789B3B0015042B /* XCPayExample */;
			targetProxy = 1E604E281F789B3B0015042B /* PBXContainerItemProxy */;
		};
/* End PBXTargetDependency section */

/* Begin PBXVariantGroup section */
		1E604E0F1F789B3B0015042B /* Main.storyboard */ = {
			isa = PBXVariantGroup;
			children = (
				1E604E101F789B3B0015042B /* Base */,
			);
			name = Main.storyboard;
			sourceTree = "<group>";
		};
		1E604E141F789B3B0015042B /* LaunchScreen.storyboard */ = {
			isa = PBXVariantGroup;
			children = (
				1E604E151F789B3B0015042B /* Base */,
			);
			name = LaunchScreen.storyboard;
			sourceTree = "<group>";
		};
/* End PBXVariantGroup section */

/* Begin XCBuildConfiguration section */
		1E604E2E1F789B3B0015042B /* Debug */ = {
			isa = XCBuildConfiguration;
			buildSettings = {
				ALWAYS_SEARCH_USER_PATHS = NO;
				CLANG_ANALYZER_NONNULL = YES;
				CLANG_CXX_LANGUAGE_STANDARD = "gnu++0x";
				CLANG_CXX_LIBRARY = "libc++";
				CLANG_ENABLE_MODULES = YES;
				CLANG_ENABLE_OBJC_ARC = YES;
				CLANG_WARN_BOOL_CONVERSION = YES;
				CLANG_WARN_CONSTANT_CONVERSION = YES;
				CLANG_WARN_DIRECT_OBJC_ISA_USAGE = YES_ERROR;
				CLANG_WARN_DOCUMENTATION_COMMENTS = YES;
				CLANG_WARN_EMPTY_BODY = YES;
				CLANG_WARN_ENUM_CONVERSION = YES;
				CLANG_WARN_INFINITE_RECURSION = YES;
				CLANG_WARN_INT_CONVERSION = YES;
				CLANG_WARN_OBJC_ROOT_CLASS = YES_ERROR;
				CLANG_WARN_SUSPICIOUS_MOVES = YES;
				CLANG_WARN_UNREACHABLE_CODE = YES;
				CLANG_WARN__DUPLICATE_METHOD_MATCH = YES;
				"CODE_SIGN_IDENTITY[sdk=iphoneos*]" = "iPhone Developer";
				COPY_PHASE_STRIP = NO;
				DEBUG_INFORMATION_FORMAT = dwarf;
				ENABLE_STRICT_OBJC_MSGSEND = YES;
				ENABLE_TESTABILITY = YES;
				GCC_C_LANGUAGE_STANDARD = gnu99;
				GCC_DYNAMIC_NO_PIC = NO;
				GCC_NO_COMMON_BLOCKS = YES;
				GCC_OPTIMIZATION_LEVEL = 0;
				GCC_PREPROCESSOR_DEFINITIONS = (
					"DEBUG=1",
					"$(inherited)",
				);
				GCC_WARN_64_TO_32_BIT_CONVERSION = YES;
				GCC_WARN_ABOUT_RETURN_TYPE = YES_ERROR;
				GCC_WARN_UNDECLARED_SELECTOR = YES;
				GCC_WARN_UNINITIALIZED_AUTOS = YES_AGGRESSIVE;
				GCC_WARN_UNUSED_FUNCTION = YES;
				GCC_WARN_UNUSED_VARIABLE = YES;
				IPHONEOS_DEPLOYMENT_TARGET = 10.1;
				MTL_ENABLE_DEBUG_INFO = YES;
				ONLY_ACTIVE_ARCH = YES;
				SDKROOT = iphoneos;
			};
			name = Debug;
		};
		1E604E2F1F789B3B0015042B /* Release */ = {
			isa = XCBuildConfiguration;
			buildSettings = {
				ALWAYS_SEARCH_USER_PATHS = NO;
				CLANG_ANALYZER_NONNULL = YES;
				CLANG_CXX_LANGUAGE_STANDARD = "gnu++0x";
				CLANG_CXX_LIBRARY = "libc++";
				CLANG_ENABLE_MODULES = YES;
				CLANG_ENABLE_OBJC_ARC = YES;
				CLANG_WARN_BOOL_CONVERSION = YES;
				CLANG_WARN_CONSTANT_CONVERSION = YES;
				CLANG_WARN_DIRECT_OBJC_ISA_USAGE = YES_ERROR;
				CLANG_WARN_DOCUMENTATION_COMMENTS = YES;
				CLANG_WARN_EMPTY_BODY = YES;
				CLANG_WARN_ENUM_CONVERSION = YES;
				CLANG_WARN_INFINITE_RECURSION = YES;
				CLANG_WARN_INT_CONVERSION = YES;
				CLANG_WARN_OBJC_ROOT_CLASS = YES_ERROR;
				CLANG_WARN_SUSPICIOUS_MOVES = YES;
				CLANG_WARN_UNREACHABLE_CODE = YES;
				CLANG_WARN__DUPLICATE_METHOD_MATCH = YES;
				"CODE_SIGN_IDENTITY[sdk=iphoneos*]" = "iPhone Developer";
				COPY_PHASE_STRIP = NO;
				DEBUG_INFORMATION_FORMAT = "dwarf-with-dsym";
				ENABLE_NS_ASSERTIONS = NO;
				ENABLE_STRICT_OBJC_MSGSEND = YES;
				GCC_C_LANGUAGE_STANDARD = gnu99;
				GCC_NO_COMMON_BLOCKS = YES;
				GCC_WARN_64_TO_32_BIT_CONVERSION = YES;
				GCC_WARN_ABOUT_RETURN_TYPE = YES_ERROR;
				GCC_WARN_UNDECLARED_SELECTOR = YES;
				GCC_WARN_UNINITIALIZED_AUTOS = YES_AGGRESSIVE;
				GCC_WARN_UNUSED_FUNCTION = YES;
				GCC_WARN_UNUSED_VARIABLE = YES;
				IPHONEOS_DEPLOYMENT_TARGET = 10.1;
				MTL_ENABLE_DEBUG_INFO = NO;
				SDKROOT = iphoneos;
				VALIDATE_PRODUCT = YES;
			};
			name = Release;
		};
		1E604E311F789B3B0015042B /* Debug */ = {
			isa = XCBuildConfiguration;
			buildSettings = {
				ASSETCATALOG_COMPILER_APPICON_NAME = AppIcon;
				INFOPLIST_FILE = XCPayExample/Info.plist;
				LD_RUNPATH_SEARCH_PATHS = "$(inherited) @executable_path/Frameworks";
				PRODUCT_BUNDLE_IDENTIFIER = ylh.XCPayExample;
				PRODUCT_NAME = "$(TARGET_NAME)";
			};
			name = Debug;
		};
		1E604E321F789B3B0015042B /* Release */ = {
			isa = XCBuildConfiguration;
			buildSettings = {
				ASSETCATALOG_COMPILER_APPICON_NAME = AppIcon;
				INFOPLIST_FILE = XCPayExample/Info.plist;
				LD_RUNPATH_SEARCH_PATHS = "$(inherited) @executable_path/Frameworks";
				PRODUCT_BUNDLE_IDENTIFIER = ylh.XCPayExample;
				PRODUCT_NAME = "$(TARGET_NAME)";
			};
			name = Release;
		};
		1E604E341F789B3B0015042B /* Debug */ = {
			isa = XCBuildConfiguration;
			buildSettings = {
				BUNDLE_LOADER = "$(TEST_HOST)";
				INFOPLIST_FILE = XCPayExampleTests/Info.plist;
				LD_RUNPATH_SEARCH_PATHS = "$(inherited) @executable_path/Frameworks @loader_path/Frameworks";
				PRODUCT_BUNDLE_IDENTIFIER = ylh.XCPayExampleTests;
				PRODUCT_NAME = "$(TARGET_NAME)";
				TEST_HOST = "$(BUILT_PRODUCTS_DIR)/XCPayExample.app/XCPayExample";
			};
			name = Debug;
		};
		1E604E351F789B3B0015042B /* Release */ = {
			isa = XCBuildConfiguration;
			buildSettings = {
				BUNDLE_LOADER = "$(TEST_HOST)";
				INFOPLIST_FILE = XCPayExampleTests/Info.plist;
				LD_RUNPATH_SEARCH_PATHS = "$(inherited) @executable_path/Frameworks @loader_path/Frameworks";
				PRODUCT_BUNDLE_IDENTIFIER = ylh.XCPayExampleTests;
				PRODUCT_NAME = "$(TARGET_NAME)";
				TEST_HOST = "$(BUILT_PRODUCTS_DIR)/XCPayExample.app/XCPayExample";
			};
			name = Release;
		};
		1E604E371F789B3B0015042B /* Debug */ = {
			isa = XCBuildConfiguration;
			buildSettings = {
				INFOPLIST_FILE = XCPayExampleUITests/Info.plist;
				LD_RUNPATH_SEARCH_PATHS = "$(inherited) @executable_path/Frameworks @loader_path/Frameworks";
				PRODUCT_BUNDLE_IDENTIFIER = ylh.XCPayExampleUITests;
				PRODUCT_NAME = "$(TARGET_NAME)";
				TEST_TARGET_NAME = XCPayExample;
			};
			name = Debug;
		};
		1E604E381F789B3B0015042B /* Release */ = {
			isa = XCBuildConfiguration;
			buildSettings = {
				INFOPLIST_FILE = XCPayExampleUITests/Info.plist;
				LD_RUNPATH_SEARCH_PATHS = "$(inherited) @executable_path/Frameworks @loader_path/Frameworks";
				PRODUCT_BUNDLE_IDENTIFIER = ylh.XCPayExampleUITests;
				PRODUCT_NAME = "$(TARGET_NAME)";
				TEST_TARGET_NAME = XCPayExample;
			};
			name = Release;
		};
/* End XCBuildConfiguration section */

/* Begin XCConfigurationList section */
		1E604DFE1F789B3A0015042B /* Build configuration list for PBXProject "XCPayExample" */ = {
			isa = XCConfigurationList;
			buildConfigurations = (
				1E604E2E1F789B3B0015042B /* Debug */,
				1E604E2F1F789B3B0015042B /* Release */,
			);
			defaultConfigurationIsVisible = 0;
			defaultConfigurationName = Release;
		};
		1E604E301F789B3B0015042B /* Build configuration list for PBXNativeTarget "XCPayExample" */ = {
			isa = XCConfigurationList;
			buildConfigurations = (
				1E604E311F789B3B0015042B /* Debug */,
				1E604E321F789B3B0015042B /* Release */,
			);
			defaultConfigurationIsVisible = 0;
			defaultConfigurationName = Release;
		};
		1E604E331F789B3B0015042B /* Build configuration list for PBXNativeTarget "XCPayExampleTests" */ = {
			isa = XCConfigurationList;
			buildConfigurations = (
				1E604E341F789B3B0015042B /* Debug */,
				1E604E351F789B3B0015042B /* Release */,
			);
			defaultConfigurationIsVisible = 0;
			defaultConfigurationName = Release;
		};
		1E604E361F789B3B0015042B /* Build configuration list for PBXNativeTarget "XCPayExampleUITests" */ = {
			isa = XCConfigurationList;
			buildConfigurations = (
				1E604E371F789B3B0015042B /* Debug */,
				1E604E381F789B3B0015042B /* Release */,
			);
			defaultConfigurationIsVisible = 0;
			defaultConfigurationName = Release;
		};
/* End XCConfigurationList section */
	};
	rootObject = 1E604DFB1F789B3A0015042B /* Project object */;
}
