PODS:
  - XCThirdPlatformSDK/AlipaySDK (0.0.1)
  - XCThirdPlatformSDK/WeChatSDK (0.0.1)

DEPENDENCIES:
  - XCThirdPlatformSDK/AlipaySDK
  - XCThirdPlatformSDK/WeChatSDK

SPEC REPOS:
  https://github.com/CocoaPods/Specs.git:
    - XCThirdPlatformSDK

SPEC CHECKSUMS:
  XCThirdPlatformSDK: 2a4ae830b81d0b962659ba832c5aaa13176685cf

PODFILE CHECKSUM: a3e6c291c703cf46dfd5752bc0c153b9cf490006

COCOAPODS: 1.5.0
